
Microsoft Visual Studio Solution File, Format Version 12.00
# Visual Studio Version 17
VisualStudioVersion = 17.8.34309.116
MinimumVisualStudioVersion = 10.0.40219.1
Project("{FAE04EC0-301F-11D3-BF4B-00C04F79EFBC}") = "ApiApplication", "ApiApplication\ApiApplication.csproj", "{B162D748-A107-49D7-AB21-6E205D842CCC}"
EndProject
Global
	GlobalSection(SolutionConfigurationPlatforms) = preSolution
		Debug|Any CPU = Debug|Any CPU
		Release|Any CPU = Release|Any CPU
	EndGlobalSection
	GlobalSection(ProjectConfigurationPlatforms) = postSolution
		{B162D748-A107-49D7-AB21-6E205D842CCC}.Debug|Any CPU.ActiveCfg = Debug|Any CPU
		{B162D748-A107-49D7-AB21-6E205D842CCC}.Debug|Any CPU.Build.0 = Debug|Any CPU
		{B162D748-A107-49D7-AB21-6E205D842CCC}.Release|Any CPU.ActiveCfg = Release|Any CPU
		{B162D748-A107-49D7-AB21-6E205D842CCC}.Release|Any CPU.Build.0 = Release|Any CPU
	EndGlobalSection
	GlobalSection(SolutionProperties) = preSolution
		HideSolutionNode = FALSE
	EndGlobalSection
	GlobalSection(ExtensibilityGlobals) = postSolution
		SolutionGuid = {92F3A175-227B-40C3-8842-FA16D3084E3C}
	EndGlobalSection
EndGlobal
